
Microsoft Visual Studio Solution File, Format Version 12.00
# Visual Studio 2015
Project("{FAE04EC0-301F-11D3-BF4B-00C04F79EFBC}") = "Catwalks.CSharp", "Catwalks.CSharp.csproj", "{7DB25694-0A5D-A5E5-E345-CDE2B670D5E7}"
EndProject
Global
	GlobalSection(SolutionConfigurationPlatforms) = preSolution
		Debug|Any CPU = Debug|Any CPU
		Release|Any CPU = Release|Any CPU
	EndGlobalSection
	GlobalSection(ProjectConfigurationPlatforms) = postSolution
		{7DB25694-0A5D-A5E5-E345-CDE2B670D5E7}.Debug|Any CPU.ActiveCfg = Debug|Any CPU
		{7DB25694-0A5D-A5E5-E345-CDE2B670D5E7}.Debug|Any CPU.Build.0 = Debug|Any CPU
		{7DB25694-0A5D-A5E5-E345-CDE2B670D5E7}.Release|Any CPU.ActiveCfg = Release|Any CPU
		{7DB25694-0A5D-A5E5-E345-CDE2B670D5E7}.Release|Any CPU.Build.0 = Release|Any CPU
	EndGlobalSection
	GlobalSection(SolutionProperties) = preSolution
		HideSolutionNode = FALSE
	EndGlobalSection
EndGlobal
